
Microsoft Visual Studio Solution File, Format Version 12.00
# Visual Studio Version 16
VisualStudioVersion = 16.0.29613.14
MinimumVisualStudioVersion = 10.0.40219.1
Project("{9A19103F-16F7-4668-BE54-9A1E7A4F7556}") = "ArtificialBrain", "ArtificialBrain\ArtificialBrain.csproj", "{1110F801-80D1-4979-8D8F-F35B04EB2260}"
EndProject
Project("{9A19103F-16F7-4668-BE54-9A1E7A4F7556}") = "TernaryLogic", "TernaryLogic\TernaryLogic.csproj", "{07381984-EF3E-4406-8180-31E78425409B}"
EndProject
Project("{9A19103F-16F7-4668-BE54-9A1E7A4F7556}") = "TernaryLogicTest", "TernaryLogicTest\TernaryLogicTest.csproj", "{31621679-C651-4118-82AC-3B65BF5C1161}"
EndProject
Global
	GlobalSection(SolutionConfigurationPlatforms) = preSolution
		Debug|Any CPU = Debug|Any CPU
		Release|Any CPU = Release|Any CPU
	EndGlobalSection
	GlobalSection(ProjectConfigurationPlatforms) = postSolution
		{1110F801-80D1-4979-8D8F-F35B04EB2260}.Debug|Any CPU.ActiveCfg = Debug|Any CPU
		{1110F801-80D1-4979-8D8F-F35B04EB2260}.Debug|Any CPU.Build.0 = Debug|Any CPU
		{1110F801-80D1-4979-8D8F-F35B04EB2260}.Release|Any CPU.ActiveCfg = Release|Any CPU
		{1110F801-80D1-4979-8D8F-F35B04EB2260}.Release|Any CPU.Build.0 = Release|Any CPU
		{07381984-EF3E-4406-8180-31E78425409B}.Debug|Any CPU.ActiveCfg = Debug|Any CPU
		{07381984-EF3E-4406-8180-31E78425409B}.Debug|Any CPU.Build.0 = Debug|Any CPU
		{07381984-EF3E-4406-8180-31E78425409B}.Release|Any CPU.ActiveCfg = Release|Any CPU
		{07381984-EF3E-4406-8180-31E78425409B}.Release|Any CPU.Build.0 = Release|Any CPU
		{31621679-C651-4118-82AC-3B65BF5C1161}.Debug|Any CPU.ActiveCfg = Debug|Any CPU
		{31621679-C651-4118-82AC-3B65BF5C1161}.Debug|Any CPU.Build.0 = Debug|Any CPU
		{31621679-C651-4118-82AC-3B65BF5C1161}.Release|Any CPU.ActiveCfg = Release|Any CPU
		{31621679-C651-4118-82AC-3B65BF5C1161}.Release|Any CPU.Build.0 = Release|Any CPU
	EndGlobalSection
	GlobalSection(SolutionProperties) = preSolution
		HideSolutionNode = FALSE
	EndGlobalSection
	GlobalSection(ExtensibilityGlobals) = postSolution
		SolutionGuid = {05F46978-06FA-491E-A502-49231C20FB28}
	EndGlobalSection
EndGlobal
